
Microsoft Visual Studio Solution File, Format Version 12.00
# Visual Studio 15
VisualStudioVersion = 15.0.28307.572
MinimumVisualStudioVersion = 10.0.40219.1
Project("{FAE04EC0-301F-11D3-BF4B-00C04F79EFBC}") = "LabTest", "LabTest\LabTest.csproj", "{23676732-0E4F-452E-91FE-49795760D2F5}"
EndProject
Global
	GlobalSection(SolutionConfigurationPlatforms) = preSolution
		Debug|Any CPU = Debug|Any CPU
		Release|Any CPU = Release|Any CPU
	EndGlobalSection
	GlobalSection(ProjectConfigurationPlatforms) = postSolution
		{23676732-0E4F-452E-91FE-49795760D2F5}.Debug|Any CPU.ActiveCfg = Debug|Any CPU
		{23676732-0E4F-452E-91FE-49795760D2F5}.Debug|Any CPU.Build.0 = Debug|Any CPU
		{23676732-0E4F-452E-91FE-49795760D2F5}.Release|Any CPU.ActiveCfg = Release|Any CPU
		{23676732-0E4F-452E-91FE-49795760D2F5}.Release|Any CPU.Build.0 = Release|Any CPU
	EndGlobalSection
	GlobalSection(SolutionProperties) = preSolution
		HideSolutionNode = FALSE
	EndGlobalSection
	GlobalSection(ExtensibilityGlobals) = postSolution
		SolutionGuid = {B6CF811D-7F40-45BC-8097-F3BA8432B9B7}
	EndGlobalSection
EndGlobal
